
Microsoft Visual Studio Solution File, Format Version 12.00
# Visual Studio 15
VisualStudioVersion = 15.0.27130.2026
MinimumVisualStudioVersion = 10.0.40219.1
Project("{9A19103F-16F7-4668-BE54-9A1E7A4F7556}") = "KWICWeb", "KWICWeb\KWICWeb.csproj", "{FB4E75C8-894B-45C1-86CB-FF4AAA767B4E}"
EndProject
Project("{FAE04EC0-301F-11D3-BF4B-00C04F79EFBC}") = "DataStore", "DataStore\DataStore.csproj", "{14433853-65EB-45F2-BC13-F68B02FB6E71}"
EndProject
Global
	GlobalSection(SolutionConfigurationPlatforms) = preSolution
		Debug|Any CPU = Debug|Any CPU
		Release|Any CPU = Release|Any CPU
	EndGlobalSection
	GlobalSection(ProjectConfigurationPlatforms) = postSolution
		{FB4E75C8-894B-45C1-86CB-FF4AAA767B4E}.Debug|Any CPU.ActiveCfg = Debug|Any CPU
		{FB4E75C8-894B-45C1-86CB-FF4AAA767B4E}.Debug|Any CPU.Build.0 = Debug|Any CPU
		{FB4E75C8-894B-45C1-86CB-FF4AAA767B4E}.Release|Any CPU.ActiveCfg = Release|Any CPU
		{FB4E75C8-894B-45C1-86CB-FF4AAA767B4E}.Release|Any CPU.Build.0 = Release|Any CPU
		{14433853-65EB-45F2-BC13-F68B02FB6E71}.Debug|Any CPU.ActiveCfg = Debug|Any CPU
		{14433853-65EB-45F2-BC13-F68B02FB6E71}.Debug|Any CPU.Build.0 = Debug|Any CPU
		{14433853-65EB-45F2-BC13-F68B02FB6E71}.Release|Any CPU.ActiveCfg = Release|Any CPU
		{14433853-65EB-45F2-BC13-F68B02FB6E71}.Release|Any CPU.Build.0 = Release|Any CPU
	EndGlobalSection
	GlobalSection(SolutionProperties) = preSolution
		HideSolutionNode = FALSE
	EndGlobalSection
	GlobalSection(ExtensibilityGlobals) = postSolution
		SolutionGuid = {D95C76C1-F545-401C-A554-70D264321B2F}
	EndGlobalSection
EndGlobal
